
Microsoft Visual Studio Solution File, Format Version 12.00
# Visual Studio Version 17
VisualStudioVersion = 17.3.32901.215
MinimumVisualStudioVersion = 10.0.40219.1
Project("{9A19103F-16F7-4668-BE54-9A1E7A4F7556}") = "FA.JustBlog.Core", "FA.JustBlog.Core\FA.JustBlog.Core.csproj", "{A657F679-718A-41B2-830E-9316BF457D16}"
EndProject
Project("{9A19103F-16F7-4668-BE54-9A1E7A4F7556}") = "FA.JustBlog.UnitTest", "FA.JustBlog.UnitTest\FA.JustBlog.UnitTest.csproj", "{4CEF3D4C-EE75-4663-9C6E-E3B7B3E11326}"
EndProject
Project("{9A19103F-16F7-4668-BE54-9A1E7A4F7556}") = "FA.JustBlog.Web", "FA.JustBlog.Web\FA.JustBlog.Web.csproj", "{315BE5CC-FAA3-45CF-BBF8-EFC933305BF5}"
EndProject
Project("{9A19103F-16F7-4668-BE54-9A1E7A4F7556}") = "FA.JustBlog.Utility", "FA.JustBlog.Utility\FA.JustBlog.Utility.csproj", "{E89229BC-46E1-472A-B588-99E94B547927}"
EndProject
Project("{9A19103F-16F7-4668-BE54-9A1E7A4F7556}") = "FA.JustBlog.Models", "FA.JustBlog.Models\FA.JustBlog.Models.csproj", "{3802F44D-1303-4203-88BF-F51E0E951E81}"
EndProject
Project("{FAE04EC0-301F-11D3-BF4B-00C04F79EFBC}") = "FA.JustBlog.ViewModels", "FA.JustBlog.ViewModels\FA.JustBlog.ViewModels.csproj", "{F3C989DB-F22C-4893-BBF8-6F0EB4294334}"
EndProject
Global
	GlobalSection(SolutionConfigurationPlatforms) = preSolution
		Debug|Any CPU = Debug|Any CPU
		Release|Any CPU = Release|Any CPU
	EndGlobalSection
	GlobalSection(ProjectConfigurationPlatforms) = postSolution
		{A657F679-718A-41B2-830E-9316BF457D16}.Debug|Any CPU.ActiveCfg = Debug|Any CPU
		{A657F679-718A-41B2-830E-9316BF457D16}.Debug|Any CPU.Build.0 = Debug|Any CPU
		{A657F679-718A-41B2-830E-9316BF457D16}.Release|Any CPU.ActiveCfg = Release|Any CPU
		{A657F679-718A-41B2-830E-9316BF457D16}.Release|Any CPU.Build.0 = Release|Any CPU
		{4CEF3D4C-EE75-4663-9C6E-E3B7B3E11326}.Debug|Any CPU.ActiveCfg = Debug|Any CPU
		{4CEF3D4C-EE75-4663-9C6E-E3B7B3E11326}.Debug|Any CPU.Build.0 = Debug|Any CPU
		{4CEF3D4C-EE75-4663-9C6E-E3B7B3E11326}.Release|Any CPU.ActiveCfg = Release|Any CPU
		{4CEF3D4C-EE75-4663-9C6E-E3B7B3E11326}.Release|Any CPU.Build.0 = Release|Any CPU
		{315BE5CC-FAA3-45CF-BBF8-EFC933305BF5}.Debug|Any CPU.ActiveCfg = Debug|Any CPU
		{315BE5CC-FAA3-45CF-BBF8-EFC933305BF5}.Debug|Any CPU.Build.0 = Debug|Any CPU
		{315BE5CC-FAA3-45CF-BBF8-EFC933305BF5}.Release|Any CPU.ActiveCfg = Release|Any CPU
		{315BE5CC-FAA3-45CF-BBF8-EFC933305BF5}.Release|Any CPU.Build.0 = Release|Any CPU
		{E89229BC-46E1-472A-B588-99E94B547927}.Debug|Any CPU.ActiveCfg = Debug|Any CPU
		{E89229BC-46E1-472A-B588-99E94B547927}.Debug|Any CPU.Build.0 = Debug|Any CPU
		{E89229BC-46E1-472A-B588-99E94B547927}.Release|Any CPU.ActiveCfg = Release|Any CPU
		{E89229BC-46E1-472A-B588-99E94B547927}.Release|Any CPU.Build.0 = Release|Any CPU
		{3802F44D-1303-4203-88BF-F51E0E951E81}.Debug|Any CPU.ActiveCfg = Debug|Any CPU
		{3802F44D-1303-4203-88BF-F51E0E951E81}.Debug|Any CPU.Build.0 = Debug|Any CPU
		{3802F44D-1303-4203-88BF-F51E0E951E81}.Release|Any CPU.ActiveCfg = Release|Any CPU
		{3802F44D-1303-4203-88BF-F51E0E951E81}.Release|Any CPU.Build.0 = Release|Any CPU
		{F3C989DB-F22C-4893-BBF8-6F0EB4294334}.Debug|Any CPU.ActiveCfg = Debug|Any CPU
		{F3C989DB-F22C-4893-BBF8-6F0EB4294334}.Debug|Any CPU.Build.0 = Debug|Any CPU
		{F3C989DB-F22C-4893-BBF8-6F0EB4294334}.Release|Any CPU.ActiveCfg = Release|Any CPU
		{F3C989DB-F22C-4893-BBF8-6F0EB4294334}.Release|Any CPU.Build.0 = Release|Any CPU
	EndGlobalSection
	GlobalSection(SolutionProperties) = preSolution
		HideSolutionNode = FALSE
	EndGlobalSection
	GlobalSection(ExtensibilityGlobals) = postSolution
		SolutionGuid = {9EB76AB4-0361-4085-94E0-C94347DDFD43}
	EndGlobalSection
EndGlobal
